// !$*UTF8*$!
{
	archiveVersion = 1;
	classes = {
	};
	objectVersion = 46;
	objects = {

/* Begin PBXBuildFile section */
		4A07C0041BB1463400D31C19 /* AppDelegate.swift in Sources */ = {isa = PBXBuildFile; fileRef = 4A07C0031BB1463400D31C19 /* AppDelegate.swift */; };
		4A07C0091BB1463400D31C19 /* Main.storyboard in Resources */ = {isa = PBXBuildFile; fileRef = 4A07C0071BB1463400D31C19 /* Main.storyboard */; };
		4A07C00B1BB1463400D31C19 /* Assets.xcassets in Resources */ = {isa = PBXBuildFile; fileRef = 4A07C00A1BB1463400D31C19 /* Assets.xcassets */; };
		4A07C00E1BB1463400D31C19 /* LaunchScreen.storyboard in Resources */ = {isa = PBXBuildFile; fileRef = 4A07C00C1BB1463400D31C19 /* LaunchScreen.storyboard */; };
		4A07C0191BB1463400D31C19 /* SmashtagTests.swift in Sources */ = {isa = PBXBuildFile; fileRef = 4A07C0181BB1463400D31C19 /* SmashtagTests.swift */; };
		4A07C0241BB1463400D31C19 /* SmashtagUITests.swift in Sources */ = {isa = PBXBuildFile; fileRef = 4A07C0231BB1463400D31C19 /* SmashtagUITests.swift */; };
		4A07C0331BB1470500D31C19 /* TweetTableViewController.swift in Sources */ = {isa = PBXBuildFile; fileRef = 4A07C0321BB1470500D31C19 /* TweetTableViewController.swift */; settings = {ASSET_TAGS = (); }; };
		4A07C0391BB14EAB00D31C19 /* MediaItem.swift in Sources */ = {isa = PBXBuildFile; fileRef = 4A07C0351BB14EAB00D31C19 /* MediaItem.swift */; settings = {ASSET_TAGS = (); }; };
		4A07C03A1BB14EAB00D31C19 /* Tweet.swift in Sources */ = {isa = PBXBuildFile; fileRef = 4A07C0361BB14EAB00D31C19 /* Tweet.swift */; settings = {ASSET_TAGS = (); }; };
		4A07C03B1BB14EAB00D31C19 /* TwitterRequest.swift in Sources */ = {isa = PBXBuildFile; fileRef = 4A07C0371BB14EAB00D31C19 /* TwitterRequest.swift */; settings = {ASSET_TAGS = (); }; };
		4A07C03C1BB14EAB00D31C19 /* User.swift in Sources */ = {isa = PBXBuildFile; fileRef = 4A07C0381BB14EAB00D31C19 /* User.swift */; settings = {ASSET_TAGS = (); }; };
		4A07C03E1BB19C3900D31C19 /* TweetTableViewCell.swift in Sources */ = {isa = PBXBuildFile; fileRef = 4A07C03D1BB19C3900D31C19 /* TweetTableViewCell.swift */; settings = {ASSET_TAGS = (); }; };
		4A07C0801BB45A7F00D31C19 /* RecentSearches.swift in Sources */ = {isa = PBXBuildFile; fileRef = 4A07C07F1BB45A7F00D31C19 /* RecentSearches.swift */; settings = {ASSET_TAGS = (); }; };
		4A07C0841BB4650000D31C19 /* MentionsTableViewController.swift in Sources */ = {isa = PBXBuildFile; fileRef = 4A07C0831BB4650000D31C19 /* MentionsTableViewController.swift */; settings = {ASSET_TAGS = (); }; };
		4A9B679D1BB872A30022D950 /* ImageTableViewCell.swift in Sources */ = {isa = PBXBuildFile; fileRef = 4A9B679C1BB872A30022D950 /* ImageTableViewCell.swift */; settings = {ASSET_TAGS = (); }; };
		4ABAEC031BBC8541002812C7 /* RecentSearchesTableViewController.swift in Sources */ = {isa = PBXBuildFile; fileRef = 4ABAEC021BBC8541002812C7 /* RecentSearchesTableViewController.swift */; settings = {ASSET_TAGS = (); }; };
		4AF75BB11BBC2F7500996972 /* ImageViewController.swift in Sources */ = {isa = PBXBuildFile; fileRef = 4AF75BB01BBC2F7500996972 /* ImageViewController.swift */; settings = {ASSET_TAGS = (); }; };
		4AF75BB31BBC3EBF00996972 /* WebViewController.swift in Sources */ = {isa = PBXBuildFile; fileRef = 4AF75BB21BBC3EBF00996972 /* WebViewController.swift */; settings = {ASSET_TAGS = (); }; };
		4AF75BB51BBC4F8E00996972 /* ImageCollectionViewController.swift in Sources */ = {isa = PBXBuildFile; fileRef = 4AF75BB41BBC4F8E00996972 /* ImageCollectionViewController.swift */; settings = {ASSET_TAGS = (); }; };
		4AF75BB71BBC698C00996972 /* ImageCollectionViewCell.swift in Sources */ = {isa = PBXBuildFile; fileRef = 4AF75BB61BBC698C00996972 /* ImageCollectionViewCell.swift */; settings = {ASSET_TAGS = (); }; };
/* End PBXBuildFile section */

/* Begin PBXContainerItemProxy section */
		4A07C0151BB1463400D31C19 /* PBXContainerItemProxy */ = {
			isa = PBXContainerItemProxy;
			containerPortal = 4A07BFF81BB1463400D31C19 /* Project object */;
			proxyType = 1;
			remoteGlobalIDString = 4A07BFFF1BB1463400D31C19;
			remoteInfo = Smashtag;
		};
		4A07C0201BB1463400D31C19 /* PBXContainerItemProxy */ = {
			isa = PBXContainerItemProxy;
			containerPortal = 4A07BFF81BB1463400D31C19 /* Project object */;
			proxyType = 1;
			remoteGlobalIDString = 4A07BFFF1BB1463400D31C19;
			remoteInfo = Smashtag;
		};
/* End PBXContainerItemProxy section */

/* Begin PBXFileReference section */
		4A07C0001BB1463400D31C19 /* Smashtag.app */ = {isa = PBXFileReference; explicitFileType = wrapper.application; includeInIndex = 0; path = Smashtag.app; sourceTree = BUILT_PRODUCTS_DIR; };
		4A07C0031BB1463400D31C19 /* AppDelegate.swift */ = {isa = PBXFileReference; lastKnownFileType = sourcecode.swift; path = AppDelegate.swift; sourceTree = "<group>"; };
		4A07C0081BB1463400D31C19 /* Base */ = {isa = PBXFileReference; lastKnownFileType = file.storyboard; name = Base; path = Base.lproj/Main.storyboard; sourceTree = "<group>"; };
		4A07C00A1BB1463400D31C19 /* Assets.xcassets */ = {isa = PBXFileReference; lastKnownFileType = folder.assetcatalog; path = Assets.xcassets; sourceTree = "<group>"; };
		4A07C00D1BB1463400D31C19 /* Base */ = {isa = PBXFileReference; lastKnownFileType = file.storyboard; name = Base; path = Base.lproj/LaunchScreen.storyboard; sourceTree = "<group>"; };
		4A07C00F1BB1463400D31C19 /* Info.plist */ = {isa = PBXFileReference; lastKnownFileType = text.plist.xml; path = Info.plist; sourceTree = "<group>"; };
		4A07C0141BB1463400D31C19 /* SmashtagTests.xctest */ = {isa = PBXFileReference; explicitFileType = wrapper.cfbundle; includeInIndex = 0; path = SmashtagTests.xctest; sourceTree = BUILT_PRODUCTS_DIR; };
		4A07C0181BB1463400D31C19 /* SmashtagTests.swift */ = {isa = PBXFileReference; lastKnownFileType = sourcecode.swift; path = SmashtagTests.swift; sourceTree = "<group>"; };
		4A07C01A1BB1463400D31C19 /* Info.plist */ = {isa = PBXFileReference; lastKnownFileType = text.plist.xml; path = Info.plist; sourceTree = "<group>"; };
		4A07C01F1BB1463400D31C19 /* SmashtagUITests.xctest */ = {isa = PBXFileReference; explicitFileType = wrapper.cfbundle; includeInIndex = 0; path = SmashtagUITests.xctest; sourceTree = BUILT_PRODUCTS_DIR; };
		4A07C0231BB1463400D31C19 /* SmashtagUITests.swift */ = {isa = PBXFileReference; lastKnownFileType = sourcecode.swift; path = SmashtagUITests.swift; sourceTree = "<group>"; };
		4A07C0251BB1463400D31C19 /* Info.plist */ = {isa = PBXFileReference; lastKnownFileType = text.plist.xml; path = Info.plist; sourceTree = "<group>"; };
		4A07C0321BB1470500D31C19 /* TweetTableViewController.swift */ = {isa = PBXFileReference; fileEncoding = 4; lastKnownFileType = sourcecode.swift; path = TweetTableViewController.swift; sourceTree = "<group>"; };
		4A07C0351BB14EAB00D31C19 /* MediaItem.swift */ = {isa = PBXFileReference; fileEncoding = 4; lastKnownFileType = sourcecode.swift; path = MediaItem.swift; sourceTree = "<group>"; };
		4A07C0361BB14EAB00D31C19 /* Tweet.swift */ = {isa = PBXFileReference; fileEncoding = 4; lastKnownFileType = sourcecode.swift; path = Tweet.swift; sourceTree = "<group>"; };
		4A07C0371BB14EAB00D31C19 /* TwitterRequest.swift */ = {isa = PBXFileReference; fileEncoding = 4; lastKnownFileType = sourcecode.swift; path = TwitterRequest.swift; sourceTree = "<group>"; };
		4A07C0381BB14EAB00D31C19 /* User.swift */ = {isa = PBXFileReference; fileEncoding = 4; lastKnownFileType = sourcecode.swift; path = User.swift; sourceTree = "<group>"; };
		4A07C03D1BB19C3900D31C19 /* TweetTableViewCell.swift */ = {isa = PBXFileReference; fileEncoding = 4; lastKnownFileType = sourcecode.swift; path = TweetTableViewCell.swift; sourceTree = "<group>"; };
		4A07C07F1BB45A7F00D31C19 /* RecentSearches.swift */ = {isa = PBXFileReference; fileEncoding = 4; lastKnownFileType = sourcecode.swift; path = RecentSearches.swift; sourceTree = "<group>"; };
		4A07C0831BB4650000D31C19 /* MentionsTableViewController.swift */ = {isa = PBXFileReference; fileEncoding = 4; lastKnownFileType = sourcecode.swift; name = MentionsTableViewController.swift; path = ../MentionsTableViewController.swift; sourceTree = "<group>"; };
		4A9B679C1BB872A30022D950 /* ImageTableViewCell.swift */ = {isa = PBXFileReference; fileEncoding = 4; lastKnownFileType = sourcecode.swift; path = ImageTableViewCell.swift; sourceTree = "<group>"; };
		4ABAEC021BBC8541002812C7 /* RecentSearchesTableViewController.swift */ = {isa = PBXFileReference; fileEncoding = 4; lastKnownFileType = sourcecode.swift; path = RecentSearchesTableViewController.swift; sourceTree = "<group>"; };
		4AF75BB01BBC2F7500996972 /* ImageViewController.swift */ = {isa = PBXFileReference; fileEncoding = 4; lastKnownFileType = sourcecode.swift; path = ImageViewController.swift; sourceTree = "<group>"; };
		4AF75BB21BBC3EBF00996972 /* WebViewController.swift */ = {isa = PBXFileReference; fileEncoding = 4; lastKnownFileType = sourcecode.swift; path = WebViewController.swift; sourceTree = "<group>"; };
		4AF75BB41BBC4F8E00996972 /* ImageCollectionViewController.swift */ = {isa = PBXFileReference; fileEncoding = 4; lastKnownFileType = sourcecode.swift; path = ImageCollectionViewController.swift; sourceTree = "<group>"; };
		4AF75BB61BBC698C00996972 /* ImageCollectionViewCell.swift */ = {isa = PBXFileReference; fileEncoding = 4; lastKnownFileType = sourcecode.swift; path = ImageCollectionViewCell.swift; sourceTree = "<group>"; };
/* End PBXFileReference section */

/* Begin PBXFrameworksBuildPhase section */
		4A07BFFD1BB1463400D31C19 /* Frameworks */ = {
			isa = PBXFrameworksBuildPhase;
			buildActionMask = 2147483647;
			files = (
			);
			runOnlyForDeploymentPostprocessing = 0;
		};
		4A07C0111BB1463400D31C19 /* Frameworks */ = {
			isa = PBXFrameworksBuildPhase;
			buildActionMask = 2147483647;
			files = (
			);
			runOnlyForDeploymentPostprocessing = 0;
		};
		4A07C01C1BB1463400D31C19 /* Frameworks */ = {
			isa = PBXFrameworksBuildPhase;
			buildActionMask = 2147483647;
			files = (
			);
			runOnlyForDeploymentPostprocessing = 0;
		};
/* End PBXFrameworksBuildPhase section */

/* Begin PBXGroup section */
		4A07BFF71BB1463400D31C19 = {
			isa = PBXGroup;
			children = (
				4A07C0021BB1463400D31C19 /* Smashtag */,
				4A07C0171BB1463400D31C19 /* SmashtagTests */,
				4A07C0221BB1463400D31C19 /* SmashtagUITests */,
				4A07C0011BB1463400D31C19 /* Products */,
			);
			sourceTree = "<group>";
		};
		4A07C0011BB1463400D31C19 /* Products */ = {
			isa = PBXGroup;
			children = (
				4A07C0001BB1463400D31C19 /* Smashtag.app */,
				4A07C0141BB1463400D31C19 /* SmashtagTests.xctest */,
				4A07C01F1BB1463400D31C19 /* SmashtagUITests.xctest */,
			);
			name = Products;
			sourceTree = "<group>";
		};
		4A07C0021BB1463400D31C19 /* Smashtag */ = {
			isa = PBXGroup;
			children = (
				4A07C0321BB1470500D31C19 /* TweetTableViewController.swift */,
				4A07C03D1BB19C3900D31C19 /* TweetTableViewCell.swift */,
				4A07C0831BB4650000D31C19 /* MentionsTableViewController.swift */,
				4A9B679C1BB872A30022D950 /* ImageTableViewCell.swift */,
				4AF75BB01BBC2F7500996972 /* ImageViewController.swift */,
				4A07C07F1BB45A7F00D31C19 /* RecentSearches.swift */,
				4ABAEC021BBC8541002812C7 /* RecentSearchesTableViewController.swift */,
				4AF75BB21BBC3EBF00996972 /* WebViewController.swift */,
				4A07C0071BB1463400D31C19 /* Main.storyboard */,
				4AF75BB41BBC4F8E00996972 /* ImageCollectionViewController.swift */,
				4AF75BB61BBC698C00996972 /* ImageCollectionViewCell.swift */,
				4A07C0341BB14EAB00D31C19 /* Twitter */,
				4A07C0311BB1466B00D31C19 /* Supporting Files */,
			);
			path = Smashtag;
			sourceTree = "<group>";
		};
		4A07C0171BB1463400D31C19 /* SmashtagTests */ = {
			isa = PBXGroup;
			children = (
				4A07C0181BB1463400D31C19 /* SmashtagTests.swift */,
				4A07C01A1BB1463400D31C19 /* Info.plist */,
			);
			path = SmashtagTests;
			sourceTree = "<group>";
		};
		4A07C0221BB1463400D31C19 /* SmashtagUITests */ = {
			isa = PBXGroup;
			children = (
				4A07C0231BB1463400D31C19 /* SmashtagUITests.swift */,
				4A07C0251BB1463400D31C19 /* Info.plist */,
			);
			path = SmashtagUITests;
			sourceTree = "<group>";
		};
		4A07C0311BB1466B00D31C19 /* Supporting Files */ = {
			isa = PBXGroup;
			children = (
				4A07C00A1BB1463400D31C19 /* Assets.xcassets */,
				4A07C0031BB1463400D31C19 /* AppDelegate.swift */,
				4A07C00C1BB1463400D31C19 /* LaunchScreen.storyboard */,
				4A07C00F1BB1463400D31C19 /* Info.plist */,
			);
			name = "Supporting Files";
			sourceTree = "<group>";
		};
		4A07C0341BB14EAB00D31C19 /* Twitter */ = {
			isa = PBXGroup;
			children = (
				4A07C0351BB14EAB00D31C19 /* MediaItem.swift */,
				4A07C0361BB14EAB00D31C19 /* Tweet.swift */,
				4A07C0371BB14EAB00D31C19 /* TwitterRequest.swift */,
				4A07C0381BB14EAB00D31C19 /* User.swift */,
			);
			path = Twitter;
			sourceTree = "<group>";
		};
/* End PBXGroup section */

/* Begin PBXNativeTarget section */
		4A07BFFF1BB1463400D31C19 /* Smashtag */ = {
			isa = PBXNativeTarget;
			buildConfigurationList = 4A07C0281BB1463400D31C19 /* Build configuration list for PBXNativeTarget "Smashtag" */;
			buildPhases = (
				4A07BFFC1BB1463400D31C19 /* Sources */,
				4A07BFFD1BB1463400D31C19 /* Frameworks */,
				4A07BFFE1BB1463400D31C19 /* Resources */,
			);
			buildRules = (
			);
			dependencies = (
			);
			name = Smashtag;
			productName = Smashtag;
			productReference = 4A07C0001BB1463400D31C19 /* Smashtag.app */;
			productType = "com.apple.product-type.application";
		};
		4A07C0131BB1463400D31C19 /* SmashtagTests */ = {
			isa = PBXNativeTarget;
			buildConfigurationList = 4A07C02B1BB1463400D31C19 /* Build configuration list for PBXNativeTarget "SmashtagTests" */;
			buildPhases = (
				4A07C0101BB1463400D31C19 /* Sources */,
				4A07C0111BB1463400D31C19 /* Frameworks */,
				4A07C0121BB1463400D31C19 /* Resources */,
			);
			buildRules = (
			);
			dependencies = (
				4A07C0161BB1463400D31C19 /* PBXTargetDependency */,
			);
			name = SmashtagTests;
			productName = SmashtagTests;
			productReference = 4A07C0141BB1463400D31C19 /* SmashtagTests.xctest */;
			productType = "com.apple.product-type.bundle.unit-test";
		};
		4A07C01E1BB1463400D31C19 /* SmashtagUITests */ = {
			isa = PBXNativeTarget;
			buildConfigurationList = 4A07C02E1BB1463400D31C19 /* Build configuration list for PBXNativeTarget "SmashtagUITests" */;
			buildPhases = (
				4A07C01B1BB1463400D31C19 /* Sources */,
				4A07C01C1BB1463400D31C19 /* Frameworks */,
				4A07C01D1BB1463400D31C19 /* Resources */,
			);
			buildRules = (
			);
			dependencies = (
				4A07C0211BB1463400D31C19 /* PBXTargetDependency */,
			);
			name = SmashtagUITests;
			productName = SmashtagUITests;
			productReference = 4A07C01F1BB1463400D31C19 /* SmashtagUITests.xctest */;
			productType = "com.apple.product-type.bundle.ui-testing";
		};
/* End PBXNativeTarget section */

/* Begin PBXProject section */
		4A07BFF81BB1463400D31C19 /* Project object */ = {
			isa = PBXProject;
			attributes = {
				LastUpgradeCheck = 0700;
				ORGANIZATIONNAME = nevercry;
				TargetAttributes = {
					4A07BFFF1BB1463400D31C19 = {
						CreatedOnToolsVersion = 7.0;
						DevelopmentTeam = L8463XAM23;
					};
					4A07C0131BB1463400D31C19 = {
						CreatedOnToolsVersion = 7.0;
						DevelopmentTeam = L8463XAM23;
						TestTargetID = 4A07BFFF1BB1463400D31C19;
					};
					4A07C01E1BB1463400D31C19 = {
						CreatedOnToolsVersion = 7.0;
						DevelopmentTeam = L8463XAM23;
						TestTargetID = 4A07BFFF1BB1463400D31C19;
					};
				};
			};
			buildConfigurationList = 4A07BFFB1BB1463400D31C19 /* Build configuration list for PBXProject "Smashtag" */;
			compatibilityVersion = "Xcode 3.2";
			developmentRegion = English;
			hasScannedForEncodings = 0;
			knownRegions = (
				en,
				Base,
			);
			mainGroup = 4A07BFF71BB1463400D31C19;
			productRefGroup = 4A07C0011BB1463400D31C19 /* Products */;
			projectDirPath = "";
			projectRoot = "";
			targets = (
				4A07BFFF1BB1463400D31C19 /* Smashtag */,
				4A07C0131BB1463400D31C19 /* SmashtagTests */,
				4A07C01E1BB1463400D31C19 /* SmashtagUITests */,
			);
		};
/* End PBXProject section */

/* Begin PBXResourcesBuildPhase section */
		4A07BFFE1BB1463400D31C19 /* Resources */ = {
			isa = PBXResourcesBuildPhase;
			buildActionMask = 2147483647;
			files = (
				4A07C00E1BB1463400D31C19 /* LaunchScreen.storyboard in Resources */,
				4A07C00B1BB1463400D31C19 /* Assets.xcassets in Resources */,
				4A07C0091BB1463400D31C19 /* Main.storyboard in Resources */,
			);
			runOnlyForDeploymentPostprocessing = 0;
		};
		4A07C0121BB1463400D31C19 /* Resources */ = {
			isa = PBXResourcesBuildPhase;
			buildActionMask = 2147483647;
			files = (
			);
			runOnlyForDeploymentPostprocessing = 0;
		};
		4A07C01D1BB1463400D31C19 /* Resources */ = {
			isa = PBXResourcesBuildPhase;
			buildActionMask = 2147483647;
			files = (
			);
			runOnlyForDeploymentPostprocessing = 0;
		};
/* End PBXResourcesBuildPhase section */

/* Begin PBXSourcesBuildPhase section */
		4A07BFFC1BB1463400D31C19 /* Sources */ = {
			isa = PBXSourcesBuildPhase;
			buildActionMask = 2147483647;
			files = (
				4A07C0041BB1463400D31C19 /* AppDelegate.swift in Sources */,
				4A07C03B1BB14EAB00D31C19 /* TwitterRequest.swift in Sources */,
				4A07C03C1BB14EAB00D31C19 /* User.swift in Sources */,
				4A07C0331BB1470500D31C19 /* TweetTableViewController.swift in Sources */,
				4A07C0391BB14EAB00D31C19 /* MediaItem.swift in Sources */,
				4A07C0841BB4650000D31C19 /* MentionsTableViewController.swift in Sources */,
				4A07C03A1BB14EAB00D31C19 /* Tweet.swift in Sources */,
				4AF75BB31BBC3EBF00996972 /* WebViewController.swift in Sources */,
				4A9B679D1BB872A30022D950 /* ImageTableViewCell.swift in Sources */,
				4AF75BB51BBC4F8E00996972 /* ImageCollectionViewController.swift in Sources */,
				4ABAEC031BBC8541002812C7 /* RecentSearchesTableViewController.swift in Sources */,
				4AF75BB71BBC698C00996972 /* ImageCollectionViewCell.swift in Sources */,
				4A07C0801BB45A7F00D31C19 /* RecentSearches.swift in Sources */,
				4AF75BB11BBC2F7500996972 /* ImageViewController.swift in Sources */,
				4A07C03E1BB19C3900D31C19 /* TweetTableViewCell.swift in Sources */,
			);
			runOnlyForDeploymentPostprocessing = 0;
		};
		4A07C0101BB1463400D31C19 /* Sources */ = {
			isa = PBXSourcesBuildPhase;
			buildActionMask = 2147483647;
			files = (
				4A07C0191BB1463400D31C19 /* SmashtagTests.swift in Sources */,
			);
			runOnlyForDeploymentPostprocessing = 0;
		};
		4A07C01B1BB1463400D31C19 /* Sources */ = {
			isa = PBXSourcesBuildPhase;
			buildActionMask = 2147483647;
			files = (
				4A07C0241BB1463400D31C19 /* SmashtagUITests.swift in Sources */,
			);
			runOnlyForDeploymentPostprocessing = 0;
		};
/* End PBXSourcesBuildPhase section */

/* Begin PBXTargetDependency section */
		4A07C0161BB1463400D31C19 /* PBXTargetDependency */ = {
			isa = PBXTargetDependency;
			target = 4A07BFFF1BB1463400D31C19 /* Smashtag */;
			targetProxy = 4A07C0151BB1463400D31C19 /* PBXContainerItemProxy */;
		};
		4A07C0211BB1463400D31C19 /* PBXTargetDependency */ = {
			isa = PBXTargetDependency;
			target = 4A07BFFF1BB1463400D31C19 /* Smashtag */;
			targetProxy = 4A07C0201BB1463400D31C19 /* PBXContainerItemProxy */;
		};
/* End PBXTargetDependency section */

/* Begin PBXVariantGroup section */
		4A07C0071BB1463400D31C19 /* Main.storyboard */ = {
			isa = PBXVariantGroup;
			children = (
				4A07C0081BB1463400D31C19 /* Base */,
			);
			name = Main.storyboard;
			sourceTree = "<group>";
		};
		4A07C00C1BB1463400D31C19 /* LaunchScreen.storyboard */ = {
			isa = PBXVariantGroup;
			children = (
				4A07C00D1BB1463400D31C19 /* Base */,
			);
			name = LaunchScreen.storyboard;
			sourceTree = "<group>";
		};
/* End PBXVariantGroup section */

/* Begin XCBuildConfiguration section */
		4A07C0261BB1463400D31C19 /* Debug */ = {
			isa = XCBuildConfiguration;
			buildSettings = {
				ALWAYS_SEARCH_USER_PATHS = NO;
				CLANG_CXX_LANGUAGE_STANDARD = "gnu++0x";
				CLANG_CXX_LIBRARY = "libc++";
				CLANG_ENABLE_MODULES = YES;
				CLANG_ENABLE_OBJC_ARC = YES;
				CLANG_WARN_BOOL_CONVERSION = YES;
				CLANG_WARN_CONSTANT_CONVERSION = YES;
				CLANG_WARN_DIRECT_OBJC_ISA_USAGE = YES_ERROR;
				CLANG_WARN_EMPTY_BODY = YES;
				CLANG_WARN_ENUM_CONVERSION = YES;
				CLANG_WARN_INT_CONVERSION = YES;
				CLANG_WARN_OBJC_ROOT_CLASS = YES_ERROR;
				CLANG_WARN_UNREACHABLE_CODE = YES;
				CLANG_WARN__DUPLICATE_METHOD_MATCH = YES;
				"CODE_SIGN_IDENTITY[sdk=iphoneos*]" = "iPhone Developer";
				COPY_PHASE_STRIP = NO;
				DEBUG_INFORMATION_FORMAT = dwarf;
				ENABLE_STRICT_OBJC_MSGSEND = YES;
				ENABLE_TESTABILITY = YES;
				GCC_C_LANGUAGE_STANDARD = gnu99;
				GCC_DYNAMIC_NO_PIC = NO;
				GCC_NO_COMMON_BLOCKS = YES;
				GCC_OPTIMIZATION_LEVEL = 0;
				GCC_PREPROCESSOR_DEFINITIONS = (
					"DEBUG=1",
					"$(inherited)",
				);
				GCC_WARN_64_TO_32_BIT_CONVERSION = YES;
				GCC_WARN_ABOUT_RETURN_TYPE = YES_ERROR;
				GCC_WARN_UNDECLARED_SELECTOR = YES;
				GCC_WARN_UNINITIALIZED_AUTOS = YES_AGGRESSIVE;
				GCC_WARN_UNUSED_FUNCTION = YES;
				GCC_WARN_UNUSED_VARIABLE = YES;
				IPHONEOS_DEPLOYMENT_TARGET = 9.0;
				MTL_ENABLE_DEBUG_INFO = YES;
				ONLY_ACTIVE_ARCH = YES;
				SDKROOT = iphoneos;
				SWIFT_OPTIMIZATION_LEVEL = "-Onone";
				TARGETED_DEVICE_FAMILY = "1,2";
			};
			name = Debug;
		};
		4A07C0271BB1463400D31C19 /* Release */ = {
			isa = XCBuildConfiguration;
			buildSettings = {
				ALWAYS_SEARCH_USER_PATHS = NO;
				CLANG_CXX_LANGUAGE_STANDARD = "gnu++0x";
				CLANG_CXX_LIBRARY = "libc++";
				CLANG_ENABLE_MODULES = YES;
				CLANG_ENABLE_OBJC_ARC = YES;
				CLANG_WARN_BOOL_CONVERSION = YES;
				CLANG_WARN_CONSTANT_CONVERSION = YES;
				CLANG_WARN_DIRECT_OBJC_ISA_USAGE = YES_ERROR;
				CLANG_WARN_EMPTY_BODY = YES;
				CLANG_WARN_ENUM_CONVERSION = YES;
				CLANG_WARN_INT_CONVERSION = YES;
				CLANG_WARN_OBJC_ROOT_CLASS = YES_ERROR;
				CLANG_WARN_UNREACHABLE_CODE = YES;
				CLANG_WARN__DUPLICATE_METHOD_MATCH = YES;
				"CODE_SIGN_IDENTITY[sdk=iphoneos*]" = "iPhone Developer";
				COPY_PHASE_STRIP = NO;
				DEBUG_INFORMATION_FORMAT = "dwarf-with-dsym";
				ENABLE_NS_ASSERTIONS = NO;
				ENABLE_STRICT_OBJC_MSGSEND = YES;
				GCC_C_LANGUAGE_STANDARD = gnu99;
				GCC_NO_COMMON_BLOCKS = YES;
				GCC_WARN_64_TO_32_BIT_CONVERSION = YES;
				GCC_WARN_ABOUT_RETURN_TYPE = YES_ERROR;
				GCC_WARN_UNDECLARED_SELECTOR = YES;
				GCC_WARN_UNINITIALIZED_AUTOS = YES_AGGRESSIVE;
				GCC_WARN_UNUSED_FUNCTION = YES;
				GCC_WARN_UNUSED_VARIABLE = YES;
				IPHONEOS_DEPLOYMENT_TARGET = 9.0;
				MTL_ENABLE_DEBUG_INFO = NO;
				SDKROOT = iphoneos;
				TARGETED_DEVICE_FAMILY = "1,2";
				VALIDATE_PRODUCT = YES;
			};
			name = Release;
		};
		4A07C0291BB1463400D31C19 /* Debug */ = {
			isa = XCBuildConfiguration;
			buildSettings = {
				ASSETCATALOG_COMPILER_APPICON_NAME = AppIcon;
				INFOPLIST_FILE = Smashtag/Info.plist;
				LD_RUNPATH_SEARCH_PATHS = "$(inherited) @executable_path/Frameworks";
				PRODUCT_BUNDLE_IDENTIFIER = com.nevercry.Smashtag;
				PRODUCT_NAME = "$(TARGET_NAME)";
			};
			name = Debug;
		};
		4A07C02A1BB1463400D31C19 /* Release */ = {
			isa = XCBuildConfiguration;
			buildSettings = {
				ASSETCATALOG_COMPILER_APPICON_NAME = AppIcon;
				INFOPLIST_FILE = Smashtag/Info.plist;
				LD_RUNPATH_SEARCH_PATHS = "$(inherited) @executable_path/Frameworks";
				PRODUCT_BUNDLE_IDENTIFIER = com.nevercry.Smashtag;
				PRODUCT_NAME = "$(TARGET_NAME)";
			};
			name = Release;
		};
		4A07C02C1BB1463400D31C19 /* Debug */ = {
			isa = XCBuildConfiguration;
			buildSettings = {
				BUNDLE_LOADER = "$(TEST_HOST)";
				INFOPLIST_FILE = SmashtagTests/Info.plist;
				LD_RUNPATH_SEARCH_PATHS = "$(inherited) @executable_path/Frameworks @loader_path/Frameworks";
				PRODUCT_BUNDLE_IDENTIFIER = com.nevercry.SmashtagTests;
				PRODUCT_NAME = "$(TARGET_NAME)";
				TEST_HOST = "$(BUILT_PRODUCTS_DIR)/Smashtag.app/Smashtag";
			};
			name = Debug;
		};
		4A07C02D1BB1463400D31C19 /* Release */ = {
			isa = XCBuildConfiguration;
			buildSettings = {
				BUNDLE_LOADER = "$(TEST_HOST)";
				INFOPLIST_FILE = SmashtagTests/Info.plist;
				LD_RUNPATH_SEARCH_PATHS = "$(inherited) @executable_path/Frameworks @loader_path/Frameworks";
				PRODUCT_BUNDLE_IDENTIFIER = com.nevercry.SmashtagTests;
				PRODUCT_NAME = "$(TARGET_NAME)";
				TEST_HOST = "$(BUILT_PRODUCTS_DIR)/Smashtag.app/Smashtag";
			};
			name = Release;
		};
		4A07C02F1BB1463400D31C19 /* Debug */ = {
			isa = XCBuildConfiguration;
			buildSettings = {
				INFOPLIST_FILE = SmashtagUITests/Info.plist;
				LD_RUNPATH_SEARCH_PATHS = "$(inherited) @executable_path/Frameworks @loader_path/Frameworks";
				PRODUCT_BUNDLE_IDENTIFIER = com.nevercry.SmashtagUITests;
				PRODUCT_NAME = "$(TARGET_NAME)";
				TEST_TARGET_NAME = Smashtag;
				USES_XCTRUNNER = YES;
			};
			name = Debug;
		};
		4A07C0301BB1463400D31C19 /* Release */ = {
			isa = XCBuildConfiguration;
			buildSettings = {
				INFOPLIST_FILE = SmashtagUITests/Info.plist;
				LD_RUNPATH_SEARCH_PATHS = "$(inherited) @executable_path/Frameworks @loader_path/Frameworks";
				PRODUCT_BUNDLE_IDENTIFIER = com.nevercry.SmashtagUITests;
				PRODUCT_NAME = "$(TARGET_NAME)";
				TEST_TARGET_NAME = Smashtag;
				USES_XCTRUNNER = YES;
			};
			name = Release;
		};
/* End XCBuildConfiguration section */

/* Begin XCConfigurationList section */
		4A07BFFB1BB1463400D31C19 /* Build configuration list for PBXProject "Smashtag" */ = {
			isa = XCConfigurationList;
			buildConfigurations = (
				4A07C0261BB1463400D31C19 /* Debug */,
				4A07C0271BB1463400D31C19 /* Release */,
			);
			defaultConfigurationIsVisible = 0;
			defaultConfigurationName = Release;
		};
		4A07C0281BB1463400D31C19 /* Build configuration list for PBXNativeTarget "Smashtag" */ = {
			isa = XCConfigurationList;
			buildConfigurations = (
				4A07C0291BB1463400D31C19 /* Debug */,
				4A07C02A1BB1463400D31C19 /* Release */,
			);
			defaultConfigurationIsVisible = 0;
			defaultConfigurationName = Release;
		};
		4A07C02B1BB1463400D31C19 /* Build configuration list for PBXNativeTarget "SmashtagTests" */ = {
			isa = XCConfigurationList;
			buildConfigurations = (
				4A07C02C1BB1463400D31C19 /* Debug */,
				4A07C02D1BB1463400D31C19 /* Release */,
			);
			defaultConfigurationIsVisible = 0;
			defaultConfigurationName = Release;
		};
		4A07C02E1BB1463400D31C19 /* Build configuration list for PBXNativeTarget "SmashtagUITests" */ = {
			isa = XCConfigurationList;
			buildConfigurations = (
				4A07C02F1BB1463400D31C19 /* Debug */,
				4A07C0301BB1463400D31C19 /* Release */,
			);
			defaultConfigurationIsVisible = 0;
			defaultConfigurationName = Release;
		};
/* End XCConfigurationList section */
	};
	rootObject = 4A07BFF81BB1463400D31C19 /* Project object */;
}
